// !$*UTF8*$!
{
	archiveVersion = 1;
	classes = {
	};
	objectVersion = 46;
	objects = {

/* Begin PBXBuildFile section */
		AE927C921DAF9E9E00E8F0F4 /* AppDelegate.swift in Sources */ = {isa = PBXBuildFile; fileRef = AE927C911DAF9E9E00E8F0F4 /* AppDelegate.swift */; };
		AE927C941DAF9E9E00E8F0F4 /* ViewController.swift in Sources */ = {isa = PBXBuildFile; fileRef = AE927C931DAF9E9E00E8F0F4 /* ViewController.swift */; };
		AE927C971DAF9E9E00E8F0F4 /* Main.storyboard in Resources */ = {isa = PBXBuildFile; fileRef = AE927C951DAF9E9E00E8F0F4 /* Main.storyboard */; };
		AE927C991DAF9E9E00E8F0F4 /* Assets.xcassets in Resources */ = {isa = PBXBuildFile; fileRef = AE927C981DAF9E9E00E8F0F4 /* Assets.xcassets */; };
		AE927C9C1DAF9E9E00E8F0F4 /* LaunchScreen.storyboard in Resources */ = {isa = PBXBuildFile; fileRef = AE927C9A1DAF9E9E00E8F0F4 /* LaunchScreen.storyboard */; };
		AE927CA71DAF9E9E00E8F0F4 /* VeloCityTests.swift in Sources */ = {isa = PBXBuildFile; fileRef = AE927CA61DAF9E9E00E8F0F4 /* VeloCityTests.swift */; };
		AE927CB21DAF9E9E00E8F0F4 /* VeloCityUITests.swift in Sources */ = {isa = PBXBuildFile; fileRef = AE927CB11DAF9E9E00E8F0F4 /* VeloCityUITests.swift */; };
		AE927CC21DAF9F5200E8F0F4 /* Quick.framework in Frameworks */ = {isa = PBXBuildFile; fileRef = AE927CC01DAF9F5200E8F0F4 /* Quick.framework */; };
		AE927CC31DAF9F5200E8F0F4 /* Nimble.framework in Frameworks */ = {isa = PBXBuildFile; fileRef = AE927CC11DAF9F5200E8F0F4 /* Nimble.framework */; };
		AE927CC51DAF9F5E00E8F0F4 /* Quick.framework in CopyFiles */ = {isa = PBXBuildFile; fileRef = AE927CC01DAF9F5200E8F0F4 /* Quick.framework */; settings = {ATTRIBUTES = (CodeSignOnCopy, RemoveHeadersOnCopy, ); }; };
		AE927CC61DAF9F5E00E8F0F4 /* Nimble.framework in CopyFiles */ = {isa = PBXBuildFile; fileRef = AE927CC11DAF9F5200E8F0F4 /* Nimble.framework */; settings = {ATTRIBUTES = (CodeSignOnCopy, RemoveHeadersOnCopy, ); }; };
		AE927CC71DAF9F7200E8F0F4 /* Quick.framework in Frameworks */ = {isa = PBXBuildFile; fileRef = AE927CC01DAF9F5200E8F0F4 /* Quick.framework */; };
		AE927CC81DAF9F7200E8F0F4 /* Nimble.framework in Frameworks */ = {isa = PBXBuildFile; fileRef = AE927CC11DAF9F5200E8F0F4 /* Nimble.framework */; };
		AE927CCA1DAF9F7D00E8F0F4 /* Quick.framework in CopyFiles */ = {isa = PBXBuildFile; fileRef = AE927CC01DAF9F5200E8F0F4 /* Quick.framework */; settings = {ATTRIBUTES = (CodeSignOnCopy, RemoveHeadersOnCopy, ); }; };
		AE927CCB1DAF9F7D00E8F0F4 /* Nimble.framework in CopyFiles */ = {isa = PBXBuildFile; fileRef = AE927CC11DAF9F5200E8F0F4 /* Nimble.framework */; settings = {ATTRIBUTES = (CodeSignOnCopy, RemoveHeadersOnCopy, ); }; };
		AE927CCD1DAFBA8E00E8F0F4 /* Station.swift in Sources */ = {isa = PBXBuildFile; fileRef = AE927CCC1DAFBA8E00E8F0F4 /* Station.swift */; };
		AE927CD11DAFCF6B00E8F0F4 /* StationTests.swift in Sources */ = {isa = PBXBuildFile; fileRef = AE927CD01DAFCF6B00E8F0F4 /* StationTests.swift */; };
/* End PBXBuildFile section */

/* Begin PBXContainerItemProxy section */
		AE927CA31DAF9E9E00E8F0F4 /* PBXContainerItemProxy */ = {
			isa = PBXContainerItemProxy;
			containerPortal = AE927C861DAF9E9E00E8F0F4 /* Project object */;
			proxyType = 1;
			remoteGlobalIDString = AE927C8D1DAF9E9E00E8F0F4;
			remoteInfo = VeloCity;
		};
		AE927CAE1DAF9E9E00E8F0F4 /* PBXContainerItemProxy */ = {
			isa = PBXContainerItemProxy;
			containerPortal = AE927C861DAF9E9E00E8F0F4 /* Project object */;
			proxyType = 1;
			remoteGlobalIDString = AE927C8D1DAF9E9E00E8F0F4;
			remoteInfo = VeloCity;
		};
/* End PBXContainerItemProxy section */

/* Begin PBXCopyFilesBuildPhase section */
		AE927CC41DAF9F5400E8F0F4 /* CopyFiles */ = {
			isa = PBXCopyFilesBuildPhase;
			buildActionMask = 2147483647;
			dstPath = "";
			dstSubfolderSpec = 10;
			files = (
				AE927CC51DAF9F5E00E8F0F4 /* Quick.framework in CopyFiles */,
				AE927CC61DAF9F5E00E8F0F4 /* Nimble.framework in CopyFiles */,
			);
			runOnlyForDeploymentPostprocessing = 0;
		};
		AE927CC91DAF9F7500E8F0F4 /* CopyFiles */ = {
			isa = PBXCopyFilesBuildPhase;
			buildActionMask = 2147483647;
			dstPath = "";
			dstSubfolderSpec = 10;
			files = (
				AE927CCA1DAF9F7D00E8F0F4 /* Quick.framework in CopyFiles */,
				AE927CCB1DAF9F7D00E8F0F4 /* Nimble.framework in CopyFiles */,
			);
			runOnlyForDeploymentPostprocessing = 0;
		};
/* End PBXCopyFilesBuildPhase section */

/* Begin PBXFileReference section */
		AE927C8E1DAF9E9E00E8F0F4 /* VeloCity.app */ = {isa = PBXFileReference; explicitFileType = wrapper.application; includeInIndex = 0; path = VeloCity.app; sourceTree = BUILT_PRODUCTS_DIR; };
		AE927C911DAF9E9E00E8F0F4 /* AppDelegate.swift */ = {isa = PBXFileReference; lastKnownFileType = sourcecode.swift; path = AppDelegate.swift; sourceTree = "<group>"; };
		AE927C931DAF9E9E00E8F0F4 /* ViewController.swift */ = {isa = PBXFileReference; lastKnownFileType = sourcecode.swift; path = ViewController.swift; sourceTree = "<group>"; };
		AE927C961DAF9E9E00E8F0F4 /* Base */ = {isa = PBXFileReference; lastKnownFileType = file.storyboard; name = Base; path = Base.lproj/Main.storyboard; sourceTree = "<group>"; };
		AE927C981DAF9E9E00E8F0F4 /* Assets.xcassets */ = {isa = PBXFileReference; lastKnownFileType = folder.assetcatalog; path = Assets.xcassets; sourceTree = "<group>"; };
		AE927C9B1DAF9E9E00E8F0F4 /* Base */ = {isa = PBXFileReference; lastKnownFileType = file.storyboard; name = Base; path = Base.lproj/LaunchScreen.storyboard; sourceTree = "<group>"; };
		AE927C9D1DAF9E9E00E8F0F4 /* Info.plist */ = {isa = PBXFileReference; lastKnownFileType = text.plist.xml; path = Info.plist; sourceTree = "<group>"; };
		AE927CA21DAF9E9E00E8F0F4 /* VeloCityTests.xctest */ = {isa = PBXFileReference; explicitFileType = wrapper.cfbundle; includeInIndex = 0; path = VeloCityTests.xctest; sourceTree = BUILT_PRODUCTS_DIR; };
		AE927CA61DAF9E9E00E8F0F4 /* VeloCityTests.swift */ = {isa = PBXFileReference; lastKnownFileType = sourcecode.swift; path = VeloCityTests.swift; sourceTree = "<group>"; };
		AE927CA81DAF9E9E00E8F0F4 /* Info.plist */ = {isa = PBXFileReference; lastKnownFileType = text.plist.xml; path = Info.plist; sourceTree = "<group>"; };
		AE927CAD1DAF9E9E00E8F0F4 /* VeloCityUITests.xctest */ = {isa = PBXFileReference; explicitFileType = wrapper.cfbundle; includeInIndex = 0; path = VeloCityUITests.xctest; sourceTree = BUILT_PRODUCTS_DIR; };
		AE927CB11DAF9E9E00E8F0F4 /* VeloCityUITests.swift */ = {isa = PBXFileReference; lastKnownFileType = sourcecode.swift; path = VeloCityUITests.swift; sourceTree = "<group>"; };
		AE927CB31DAF9E9E00E8F0F4 /* Info.plist */ = {isa = PBXFileReference; lastKnownFileType = text.plist.xml; path = Info.plist; sourceTree = "<group>"; };
		AE927CC01DAF9F5200E8F0F4 /* Quick.framework */ = {isa = PBXFileReference; lastKnownFileType = wrapper.framework; name = Quick.framework; path = Carthage/Build/iOS/Quick.framework; sourceTree = "<group>"; };
		AE927CC11DAF9F5200E8F0F4 /* Nimble.framework */ = {isa = PBXFileReference; lastKnownFileType = wrapper.framework; name = Nimble.framework; path = Carthage/Build/iOS/Nimble.framework; sourceTree = "<group>"; };
		AE927CCC1DAFBA8E00E8F0F4 /* Station.swift */ = {isa = PBXFileReference; fileEncoding = 4; lastKnownFileType = sourcecode.swift; path = Station.swift; sourceTree = "<group>"; };
		AE927CD01DAFCF6B00E8F0F4 /* StationTests.swift */ = {isa = PBXFileReference; fileEncoding = 4; lastKnownFileType = sourcecode.swift; path = StationTests.swift; sourceTree = "<group>"; };
/* End PBXFileReference section */

/* Begin PBXFrameworksBuildPhase section */
		AE927C8B1DAF9E9E00E8F0F4 /* Frameworks */ = {
			isa = PBXFrameworksBuildPhase;
			buildActionMask = 2147483647;
			files = (
			);
			runOnlyForDeploymentPostprocessing = 0;
		};
		AE927C9F1DAF9E9E00E8F0F4 /* Frameworks */ = {
			isa = PBXFrameworksBuildPhase;
			buildActionMask = 2147483647;
			files = (
				AE927CC21DAF9F5200E8F0F4 /* Quick.framework in Frameworks */,
				AE927CC31DAF9F5200E8F0F4 /* Nimble.framework in Frameworks */,
			);
			runOnlyForDeploymentPostprocessing = 0;
		};
		AE927CAA1DAF9E9E00E8F0F4 /* Frameworks */ = {
			isa = PBXFrameworksBuildPhase;
			buildActionMask = 2147483647;
			files = (
				AE927CC71DAF9F7200E8F0F4 /* Quick.framework in Frameworks */,
				AE927CC81DAF9F7200E8F0F4 /* Nimble.framework in Frameworks */,
			);
			runOnlyForDeploymentPostprocessing = 0;
		};
/* End PBXFrameworksBuildPhase section */

/* Begin PBXGroup section */
		AE927C851DAF9E9E00E8F0F4 = {
			isa = PBXGroup;
			children = (
				AE927C901DAF9E9E00E8F0F4 /* VeloCity */,
				AE927CA51DAF9E9E00E8F0F4 /* VeloCityTests */,
				AE927CB01DAF9E9E00E8F0F4 /* VeloCityUITests */,
				AE927C8F1DAF9E9E00E8F0F4 /* Products */,
				AE927CBF1DAF9F5100E8F0F4 /* Frameworks */,
			);
			sourceTree = "<group>";
		};
		AE927C8F1DAF9E9E00E8F0F4 /* Products */ = {
			isa = PBXGroup;
			children = (
				AE927C8E1DAF9E9E00E8F0F4 /* VeloCity.app */,
				AE927CA21DAF9E9E00E8F0F4 /* VeloCityTests.xctest */,
				AE927CAD1DAF9E9E00E8F0F4 /* VeloCityUITests.xctest */,
			);
			name = Products;
			sourceTree = "<group>";
		};
		AE927C901DAF9E9E00E8F0F4 /* VeloCity */ = {
			isa = PBXGroup;
			children = (
				AE927CCC1DAFBA8E00E8F0F4 /* Station.swift */,
				AE927C911DAF9E9E00E8F0F4 /* AppDelegate.swift */,
				AE927C931DAF9E9E00E8F0F4 /* ViewController.swift */,
				AE927C951DAF9E9E00E8F0F4 /* Main.storyboard */,
				AE927C981DAF9E9E00E8F0F4 /* Assets.xcassets */,
				AE927C9A1DAF9E9E00E8F0F4 /* LaunchScreen.storyboard */,
				AE927C9D1DAF9E9E00E8F0F4 /* Info.plist */,
			);
			path = VeloCity;
			sourceTree = "<group>";
		};
		AE927CA51DAF9E9E00E8F0F4 /* VeloCityTests */ = {
			isa = PBXGroup;
			children = (
				AE927CA61DAF9E9E00E8F0F4 /* VeloCityTests.swift */,
				AE927CA81DAF9E9E00E8F0F4 /* Info.plist */,
				AE927CD01DAFCF6B00E8F0F4 /* StationTests.swift */,
			);
			path = VeloCityTests;
			sourceTree = "<group>";
		};
		AE927CB01DAF9E9E00E8F0F4 /* VeloCityUITests */ = {
			isa = PBXGroup;
			children = (
				AE927CB11DAF9E9E00E8F0F4 /* VeloCityUITests.swift */,
				AE927CB31DAF9E9E00E8F0F4 /* Info.plist */,
			);
			path = VeloCityUITests;
			sourceTree = "<group>";
		};
		AE927CBF1DAF9F5100E8F0F4 /* Frameworks */ = {
			isa = PBXGroup;
			children = (
				AE927CC01DAF9F5200E8F0F4 /* Quick.framework */,
				AE927CC11DAF9F5200E8F0F4 /* Nimble.framework */,
			);
			name = Frameworks;
			sourceTree = "<group>";
		};
/* End PBXGroup section */

/* Begin PBXNativeTarget section */
		AE927C8D1DAF9E9E00E8F0F4 /* VeloCity */ = {
			isa = PBXNativeTarget;
			buildConfigurationList = AE927CB61DAF9E9E00E8F0F4 /* Build configuration list for PBXNativeTarget "VeloCity" */;
			buildPhases = (
				AE927C8A1DAF9E9E00E8F0F4 /* Sources */,
				AE927C8B1DAF9E9E00E8F0F4 /* Frameworks */,
				AE927C8C1DAF9E9E00E8F0F4 /* Resources */,
			);
			buildRules = (
			);
			dependencies = (
			);
			name = VeloCity;
			productName = VeloCity;
			productReference = AE927C8E1DAF9E9E00E8F0F4 /* VeloCity.app */;
			productType = "com.apple.product-type.application";
		};
		AE927CA11DAF9E9E00E8F0F4 /* VeloCityTests */ = {
			isa = PBXNativeTarget;
			buildConfigurationList = AE927CB91DAF9E9E00E8F0F4 /* Build configuration list for PBXNativeTarget "VeloCityTests" */;
			buildPhases = (
				AE927C9E1DAF9E9E00E8F0F4 /* Sources */,
				AE927C9F1DAF9E9E00E8F0F4 /* Frameworks */,
				AE927CA01DAF9E9E00E8F0F4 /* Resources */,
				AE927CC41DAF9F5400E8F0F4 /* CopyFiles */,
			);
			buildRules = (
			);
			dependencies = (
				AE927CA41DAF9E9E00E8F0F4 /* PBXTargetDependency */,
			);
			name = VeloCityTests;
			productName = VeloCityTests;
			productReference = AE927CA21DAF9E9E00E8F0F4 /* VeloCityTests.xctest */;
			productType = "com.apple.product-type.bundle.unit-test";
		};
		AE927CAC1DAF9E9E00E8F0F4 /* VeloCityUITests */ = {
			isa = PBXNativeTarget;
			buildConfigurationList = AE927CBC1DAF9E9E00E8F0F4 /* Build configuration list for PBXNativeTarget "VeloCityUITests" */;
			buildPhases = (
				AE927CA91DAF9E9E00E8F0F4 /* Sources */,
				AE927CAA1DAF9E9E00E8F0F4 /* Frameworks */,
				AE927CAB1DAF9E9E00E8F0F4 /* Resources */,
				AE927CC91DAF9F7500E8F0F4 /* CopyFiles */,
			);
			buildRules = (
			);
			dependencies = (
				AE927CAF1DAF9E9E00E8F0F4 /* PBXTargetDependency */,
			);
			name = VeloCityUITests;
			productName = VeloCityUITests;
			productReference = AE927CAD1DAF9E9E00E8F0F4 /* VeloCityUITests.xctest */;
			productType = "com.apple.product-type.bundle.ui-testing";
		};
/* End PBXNativeTarget section */

/* Begin PBXProject section */
		AE927C861DAF9E9E00E8F0F4 /* Project object */ = {
			isa = PBXProject;
			attributes = {
				LastSwiftUpdateCheck = 0800;
				LastUpgradeCheck = 0800;
				ORGANIZATIONNAME = Pivotal;
				TargetAttributes = {
					AE927C8D1DAF9E9E00E8F0F4 = {
						CreatedOnToolsVersion = 8.0;
						DevelopmentTeam = RWK2692VA8;
						ProvisioningStyle = Automatic;
					};
					AE927CA11DAF9E9E00E8F0F4 = {
						CreatedOnToolsVersion = 8.0;
						ProvisioningStyle = Automatic;
						TestTargetID = AE927C8D1DAF9E9E00E8F0F4;
					};
					AE927CAC1DAF9E9E00E8F0F4 = {
						CreatedOnToolsVersion = 8.0;
						ProvisioningStyle = Automatic;
						TestTargetID = AE927C8D1DAF9E9E00E8F0F4;
					};
				};
			};
			buildConfigurationList = AE927C891DAF9E9E00E8F0F4 /* Build configuration list for PBXProject "VeloCity" */;
			compatibilityVersion = "Xcode 3.2";
			developmentRegion = English;
			hasScannedForEncodings = 0;
			knownRegions = (
				en,
				Base,
			);
			mainGroup = AE927C851DAF9E9E00E8F0F4;
			productRefGroup = AE927C8F1DAF9E9E00E8F0F4 /* Products */;
			projectDirPath = "";
			projectRoot = "";
			targets = (
				AE927C8D1DAF9E9E00E8F0F4 /* VeloCity */,
				AE927CA11DAF9E9E00E8F0F4 /* VeloCityTests */,
				AE927CAC1DAF9E9E00E8F0F4 /* VeloCityUITests */,
			);
		};
/* End PBXProject section */

/* Begin PBXResourcesBuildPhase section */
		AE927C8C1DAF9E9E00E8F0F4 /* Resources */ = {
			isa = PBXResourcesBuildPhase;
			buildActionMask = 2147483647;
			files = (
				AE927C9C1DAF9E9E00E8F0F4 /* LaunchScreen.storyboard in Resources */,
				AE927C991DAF9E9E00E8F0F4 /* Assets.xcassets in Resources */,
				AE927C971DAF9E9E00E8F0F4 /* Main.storyboard in Resources */,
			);
			runOnlyForDeploymentPostprocessing = 0;
		};
		AE927CA01DAF9E9E00E8F0F4 /* Resources */ = {
			isa = PBXResourcesBuildPhase;
			buildActionMask = 2147483647;
			files = (
			);
			runOnlyForDeploymentPostprocessing = 0;
		};
		AE927CAB1DAF9E9E00E8F0F4 /* Resources */ = {
			isa = PBXResourcesBuildPhase;
			buildActionMask = 2147483647;
			files = (
			);
			runOnlyForDeploymentPostprocessing = 0;
		};
/* End PBXResourcesBuildPhase section */

/* Begin PBXSourcesBuildPhase section */
		AE927C8A1DAF9E9E00E8F0F4 /* Sources */ = {
			isa = PBXSourcesBuildPhase;
			buildActionMask = 2147483647;
			files = (
				AE927C941DAF9E9E00E8F0F4 /* ViewController.swift in Sources */,
				AE927CCD1DAFBA8E00E8F0F4 /* Station.swift in Sources */,
				AE927C921DAF9E9E00E8F0F4 /* AppDelegate.swift in Sources */,
			);
			runOnlyForDeploymentPostprocessing = 0;
		};
		AE927C9E1DAF9E9E00E8F0F4 /* Sources */ = {
			isa = PBXSourcesBuildPhase;
			buildActionMask = 2147483647;
			files = (
				AE927CD11DAFCF6B00E8F0F4 /* StationTests.swift in Sources */,
				AE927CA71DAF9E9E00E8F0F4 /* VeloCityTests.swift in Sources */,
			);
			runOnlyForDeploymentPostprocessing = 0;
		};
		AE927CA91DAF9E9E00E8F0F4 /* Sources */ = {
			isa = PBXSourcesBuildPhase;
			buildActionMask = 2147483647;
			files = (
				AE927CB21DAF9E9E00E8F0F4 /* VeloCityUITests.swift in Sources */,
			);
			runOnlyForDeploymentPostprocessing = 0;
		};
/* End PBXSourcesBuildPhase section */

/* Begin PBXTargetDependency section */
		AE927CA41DAF9E9E00E8F0F4 /* PBXTargetDependency */ = {
			isa = PBXTargetDependency;
			target = AE927C8D1DAF9E9E00E8F0F4 /* VeloCity */;
			targetProxy = AE927CA31DAF9E9E00E8F0F4 /* PBXContainerItemProxy */;
		};
		AE927CAF1DAF9E9E00E8F0F4 /* PBXTargetDependency */ = {
			isa = PBXTargetDependency;
			target = AE927C8D1DAF9E9E00E8F0F4 /* VeloCity */;
			targetProxy = AE927CAE1DAF9E9E00E8F0F4 /* PBXContainerItemProxy */;
		};
/* End PBXTargetDependency section */

/* Begin PBXVariantGroup section */
		AE927C951DAF9E9E00E8F0F4 /* Main.storyboard */ = {
			isa = PBXVariantGroup;
			children = (
				AE927C961DAF9E9E00E8F0F4 /* Base */,
			);
			name = Main.storyboard;
			sourceTree = "<group>";
		};
		AE927C9A1DAF9E9E00E8F0F4 /* LaunchScreen.storyboard */ = {
			isa = PBXVariantGroup;
			children = (
				AE927C9B1DAF9E9E00E8F0F4 /* Base */,
			);
			name = LaunchScreen.storyboard;
			sourceTree = "<group>";
		};
/* End PBXVariantGroup section */

/* Begin XCBuildConfiguration section */
		AE927CB41DAF9E9E00E8F0F4 /* Debug */ = {
			isa = XCBuildConfiguration;
			buildSettings = {
				ALWAYS_SEARCH_USER_PATHS = NO;
				CLANG_ANALYZER_NONNULL = YES;
				CLANG_CXX_LANGUAGE_STANDARD = "gnu++0x";
				CLANG_CXX_LIBRARY = "libc++";
				CLANG_ENABLE_MODULES = YES;
				CLANG_ENABLE_OBJC_ARC = YES;
				CLANG_WARN_BOOL_CONVERSION = YES;
				CLANG_WARN_CONSTANT_CONVERSION = YES;
				CLANG_WARN_DIRECT_OBJC_ISA_USAGE = YES_ERROR;
				CLANG_WARN_DOCUMENTATION_COMMENTS = YES;
				CLANG_WARN_EMPTY_BODY = YES;
				CLANG_WARN_ENUM_CONVERSION = YES;
				CLANG_WARN_INFINITE_RECURSION = YES;
				CLANG_WARN_INT_CONVERSION = YES;
				CLANG_WARN_OBJC_ROOT_CLASS = YES_ERROR;
				CLANG_WARN_SUSPICIOUS_MOVES = YES;
				CLANG_WARN_UNREACHABLE_CODE = YES;
				CLANG_WARN__DUPLICATE_METHOD_MATCH = YES;
				"CODE_SIGN_IDENTITY[sdk=iphoneos*]" = "iPhone Developer";
				COPY_PHASE_STRIP = NO;
				DEBUG_INFORMATION_FORMAT = dwarf;
				ENABLE_STRICT_OBJC_MSGSEND = YES;
				ENABLE_TESTABILITY = YES;
				GCC_C_LANGUAGE_STANDARD = gnu99;
				GCC_DYNAMIC_NO_PIC = NO;
				GCC_NO_COMMON_BLOCKS = YES;
				GCC_OPTIMIZATION_LEVEL = 0;
				GCC_PREPROCESSOR_DEFINITIONS = (
					"DEBUG=1",
					"$(inherited)",
				);
				GCC_WARN_64_TO_32_BIT_CONVERSION = YES;
				GCC_WARN_ABOUT_RETURN_TYPE = YES_ERROR;
				GCC_WARN_UNDECLARED_SELECTOR = YES;
				GCC_WARN_UNINITIALIZED_AUTOS = YES_AGGRESSIVE;
				GCC_WARN_UNUSED_FUNCTION = YES;
				GCC_WARN_UNUSED_VARIABLE = YES;
				IPHONEOS_DEPLOYMENT_TARGET = 10.0;
				MTL_ENABLE_DEBUG_INFO = YES;
				ONLY_ACTIVE_ARCH = YES;
				SDKROOT = iphoneos;
				SWIFT_ACTIVE_COMPILATION_CONDITIONS = DEBUG;
				SWIFT_OPTIMIZATION_LEVEL = "-Onone";
				TARGETED_DEVICE_FAMILY = "1,2";
			};
			name = Debug;
		};
		AE927CB51DAF9E9E00E8F0F4 /* Release */ = {
			isa = XCBuildConfiguration;
			buildSettings = {
				ALWAYS_SEARCH_USER_PATHS = NO;
				CLANG_ANALYZER_NONNULL = YES;
				CLANG_CXX_LANGUAGE_STANDARD = "gnu++0x";
				CLANG_CXX_LIBRARY = "libc++";
				CLANG_ENABLE_MODULES = YES;
				CLANG_ENABLE_OBJC_ARC = YES;
				CLANG_WARN_BOOL_CONVERSION = YES;
				CLANG_WARN_CONSTANT_CONVERSION = YES;
				CLANG_WARN_DIRECT_OBJC_ISA_USAGE = YES_ERROR;
				CLANG_WARN_DOCUMENTATION_COMMENTS = YES;
				CLANG_WARN_EMPTY_BODY = YES;
				CLANG_WARN_ENUM_CONVERSION = YES;
				CLANG_WARN_INFINITE_RECURSION = YES;
				CLANG_WARN_INT_CONVERSION = YES;
				CLANG_WARN_OBJC_ROOT_CLASS = YES_ERROR;
				CLANG_WARN_SUSPICIOUS_MOVES = YES;
				CLANG_WARN_UNREACHABLE_CODE = YES;
				CLANG_WARN__DUPLICATE_METHOD_MATCH = YES;
				"CODE_SIGN_IDENTITY[sdk=iphoneos*]" = "iPhone Developer";
				COPY_PHASE_STRIP = NO;
				DEBUG_INFORMATION_FORMAT = "dwarf-with-dsym";
				ENABLE_NS_ASSERTIONS = NO;
				ENABLE_STRICT_OBJC_MSGSEND = YES;
				GCC_C_LANGUAGE_STANDARD = gnu99;
				GCC_NO_COMMON_BLOCKS = YES;
				GCC_WARN_64_TO_32_BIT_CONVERSION = YES;
				GCC_WARN_ABOUT_RETURN_TYPE = YES_ERROR;
				GCC_WARN_UNDECLARED_SELECTOR = YES;
				GCC_WARN_UNINITIALIZED_AUTOS = YES_AGGRESSIVE;
				GCC_WARN_UNUSED_FUNCTION = YES;
				GCC_WARN_UNUSED_VARIABLE = YES;
				IPHONEOS_DEPLOYMENT_TARGET = 10.0;
				MTL_ENABLE_DEBUG_INFO = NO;
				SDKROOT = iphoneos;
				SWIFT_OPTIMIZATION_LEVEL = "-Owholemodule";
				TARGETED_DEVICE_FAMILY = "1,2";
				VALIDATE_PRODUCT = YES;
			};
			name = Release;
		};
		AE927CB71DAF9E9E00E8F0F4 /* Debug */ = {
			isa = XCBuildConfiguration;
			buildSettings = {
				ASSETCATALOG_COMPILER_APPICON_NAME = AppIcon;
				DEVELOPMENT_TEAM = RWK2692VA8;
				INFOPLIST_FILE = VeloCity/Info.plist;
				LD_RUNPATH_SEARCH_PATHS = "$(inherited) @executable_path/Frameworks";
				PRODUCT_BUNDLE_IDENTIFIER = io.pivotal.VeloCity;
				PRODUCT_NAME = "$(TARGET_NAME)";
				SWIFT_VERSION = 3.0;
			};
			name = Debug;
		};
		AE927CB81DAF9E9E00E8F0F4 /* Release */ = {
			isa = XCBuildConfiguration;
			buildSettings = {
				ASSETCATALOG_COMPILER_APPICON_NAME = AppIcon;
				DEVELOPMENT_TEAM = RWK2692VA8;
				INFOPLIST_FILE = VeloCity/Info.plist;
				LD_RUNPATH_SEARCH_PATHS = "$(inherited) @executable_path/Frameworks";
				PRODUCT_BUNDLE_IDENTIFIER = io.pivotal.VeloCity;
				PRODUCT_NAME = "$(TARGET_NAME)";
				SWIFT_VERSION = 3.0;
			};
			name = Release;
		};
		AE927CBA1DAF9E9E00E8F0F4 /* Debug */ = {
			isa = XCBuildConfiguration;
			buildSettings = {
				ALWAYS_EMBED_SWIFT_STANDARD_LIBRARIES = YES;
				BUNDLE_LOADER = "$(TEST_HOST)";
				FRAMEWORK_SEARCH_PATHS = (
					"$(inherited)",
					"$(PROJECT_DIR)/Carthage/Build/iOS",
				);
				INFOPLIST_FILE = VeloCityTests/Info.plist;
				LD_RUNPATH_SEARCH_PATHS = "$(inherited) @executable_path/Frameworks @loader_path/Frameworks";
				PRODUCT_BUNDLE_IDENTIFIER = io.pivotal.VeloCityTests;
				PRODUCT_NAME = "$(TARGET_NAME)";
				SWIFT_VERSION = 3.0;
				TEST_HOST = "$(BUILT_PRODUCTS_DIR)/VeloCity.app/VeloCity";
			};
			name = Debug;
		};
		AE927CBB1DAF9E9E00E8F0F4 /* Release */ = {
			isa = XCBuildConfiguration;
			buildSettings = {
				ALWAYS_EMBED_SWIFT_STANDARD_LIBRARIES = YES;
				BUNDLE_LOADER = "$(TEST_HOST)";
				FRAMEWORK_SEARCH_PATHS = (
					"$(inherited)",
					"$(PROJECT_DIR)/Carthage/Build/iOS",
				);
				INFOPLIST_FILE = VeloCityTests/Info.plist;
				LD_RUNPATH_SEARCH_PATHS = "$(inherited) @executable_path/Frameworks @loader_path/Frameworks";
				PRODUCT_BUNDLE_IDENTIFIER = io.pivotal.VeloCityTests;
				PRODUCT_NAME = "$(TARGET_NAME)";
				SWIFT_VERSION = 3.0;
				TEST_HOST = "$(BUILT_PRODUCTS_DIR)/VeloCity.app/VeloCity";
			};
			name = Release;
		};
		AE927CBD1DAF9E9E00E8F0F4 /* Debug */ = {
			isa = XCBuildConfiguration;
			buildSettings = {
				ALWAYS_EMBED_SWIFT_STANDARD_LIBRARIES = YES;
				FRAMEWORK_SEARCH_PATHS = (
					"$(inherited)",
					"$(PROJECT_DIR)/Carthage/Build/iOS",
				);
				INFOPLIST_FILE = VeloCityUITests/Info.plist;
				LD_RUNPATH_SEARCH_PATHS = "$(inherited) @executable_path/Frameworks @loader_path/Frameworks";
				PRODUCT_BUNDLE_IDENTIFIER = io.pivotal.VeloCityUITests;
				PRODUCT_NAME = "$(TARGET_NAME)";
				SWIFT_VERSION = 3.0;
				TEST_TARGET_NAME = VeloCity;
			};
			name = Debug;
		};
		AE927CBE1DAF9E9E00E8F0F4 /* Release */ = {
			isa = XCBuildConfiguration;
			buildSettings = {
				ALWAYS_EMBED_SWIFT_STANDARD_LIBRARIES = YES;
				FRAMEWORK_SEARCH_PATHS = (
					"$(inherited)",
					"$(PROJECT_DIR)/Carthage/Build/iOS",
				);
				INFOPLIST_FILE = VeloCityUITests/Info.plist;
				LD_RUNPATH_SEARCH_PATHS = "$(inherited) @executable_path/Frameworks @loader_path/Frameworks";
				PRODUCT_BUNDLE_IDENTIFIER = io.pivotal.VeloCityUITests;
				PRODUCT_NAME = "$(TARGET_NAME)";
				SWIFT_VERSION = 3.0;
				TEST_TARGET_NAME = VeloCity;
			};
			name = Release;
		};
/* End XCBuildConfiguration section */

/* Begin XCConfigurationList section */
		AE927C891DAF9E9E00E8F0F4 /* Build configuration list for PBXProject "VeloCity" */ = {
			isa = XCConfigurationList;
			buildConfigurations = (
				AE927CB41DAF9E9E00E8F0F4 /* Debug */,
				AE927CB51DAF9E9E00E8F0F4 /* Release */,
			);
			defaultConfigurationIsVisible = 0;
			defaultConfigurationName = Release;
		};
		AE927CB61DAF9E9E00E8F0F4 /* Build configuration list for PBXNativeTarget "VeloCity" */ = {
			isa = XCConfigurationList;
			buildConfigurations = (
				AE927CB71DAF9E9E00E8F0F4 /* Debug */,
				AE927CB81DAF9E9E00E8F0F4 /* Release */,
			);
			defaultConfigurationIsVisible = 0;
			defaultConfigurationName = Release;
		};
		AE927CB91DAF9E9E00E8F0F4 /* Build configuration list for PBXNativeTarget "VeloCityTests" */ = {
			isa = XCConfigurationList;
			buildConfigurations = (
				AE927CBA1DAF9E9E00E8F0F4 /* Debug */,
				AE927CBB1DAF9E9E00E8F0F4 /* Release */,
			);
			defaultConfigurationIsVisible = 0;
			defaultConfigurationName = Release;
		};
		AE927CBC1DAF9E9E00E8F0F4 /* Build configuration list for PBXNativeTarget "VeloCityUITests" */ = {
			isa = XCConfigurationList;
			buildConfigurations = (
				AE927CBD1DAF9E9E00E8F0F4 /* Debug */,
				AE927CBE1DAF9E9E00E8F0F4 /* Release */,
			);
			defaultConfigurationIsVisible = 0;
			defaultConfigurationName = Release;
		};
/* End XCConfigurationList section */
	};
	rootObject = AE927C861DAF9E9E00E8F0F4 /* Project object */;
}
